
Microsoft Visual Studio Solution File, Format Version 12.00
# Visual Studio 15
VisualStudioVersion = 15.0.27130.2027
MinimumVisualStudioVersion = 10.0.40219.1
Project("{2150E333-8FDC-42A3-9474-1A3956D46DE8}") = "Solution Items", "Solution Items", "{4278CC9A-1F83-47B0-B506-10C45805BDD2}"
	ProjectSection(SolutionItems) = preProject
		CommonAssemblyInfo.cs = CommonAssemblyInfo.cs
	EndProjectSection
EndProject
Project("{2150E333-8FDC-42A3-9474-1A3956D46DE8}") = "Shared", "Shared", "{D4A9953B-3D53-4B8A-8E86-5F6EDF5F5013}"
EndProject
Project("{D954291E-2A0B-460D-934E-DC6B0785DB48}") = "Shared.Exia.Controls.Extensions", "src\Shared\Shared.Exia.Xaml\Shared.Exia.Controls.Extensions.shproj", "{2E67E311-0811-4138-8086-2E3DEBBA5D0C}"
EndProject
Project("{2150E333-8FDC-42A3-9474-1A3956D46DE8}") = "Platforms", "Platforms", "{AA646C7B-646E-447A-BE21-8427ABFD7709}"
EndProject
Project("{FAE04EC0-301F-11D3-BF4B-00C04F79EFBC}") = "Exia.Mvvm.Sample", "samples\Exia.Mvvm.Sample\Exia.Mvvm.Sample.csproj", "{5358B7FB-39CD-4412-BFB4-063B7D05CE62}"
EndProject
Project("{2150E333-8FDC-42A3-9474-1A3956D46DE8}") = "samples", "samples", "{262B9075-9445-45B3-908B-C22FF3D86903}"
EndProject
Project("{2150E333-8FDC-42A3-9474-1A3956D46DE8}") = "src", "src", "{3DFEA7BA-EBEB-482C-A90E-AFD00D113A1A}"
EndProject
Project("{2150E333-8FDC-42A3-9474-1A3956D46DE8}") = "test", "test", "{1EF24921-F04A-426D-A299-BC43037A6C42}"
EndProject
Project("{9A19103F-16F7-4668-BE54-9A1E7A4F7556}") = "Exia.Mvvm", "src\Exia.Mvvm\Exia.Mvvm.csproj", "{E0A11EBC-11CF-465A-AEC4-7B25EE6CDC7B}"
EndProject
Project("{9A19103F-16F7-4668-BE54-9A1E7A4F7556}") = "Exia.Utils", "src\Exia.Utils\Exia.Utils.csproj", "{00C45AA9-BC7A-4C24-8D9C-43BDFF5C79DD}"
EndProject
Project("{2150E333-8FDC-42A3-9474-1A3956D46DE8}") = "Wpf", "Wpf", "{19C32B56-68A3-4735-984C-7B0B80D31198}"
EndProject
Project("{FAE04EC0-301F-11D3-BF4B-00C04F79EFBC}") = "Exia.Controls.Extensions.Wpf", "src\Exia.Xaml.Wpf\Exia.Controls.Extensions.Wpf.csproj", "{C0E75C1A-B8C4-4579-B150-04F0D779170A}"
EndProject
Project("{9A19103F-16F7-4668-BE54-9A1E7A4F7556}") = "Exia.Mvvm.Test", "test\Exia.Mvvm.Test\Exia.Mvvm.Test.csproj", "{DBB66129-3FF5-4BF2-8B89-D10F8E90A0EC}"
EndProject
Global
	GlobalSection(SharedMSBuildProjectFiles) = preSolution
		src\Shared\Shared.Exia.Xaml\Shared.Exia.Xaml.projitems*{2e67e311-0811-4138-8086-2e3debba5d0c}*SharedItemsImports = 13
		src\Shared\Shared.Exia.Xaml\Shared.Exia.Xaml.projitems*{c0e75c1a-b8c4-4579-b150-04f0d779170a}*SharedItemsImports = 4
	EndGlobalSection
	GlobalSection(SolutionConfigurationPlatforms) = preSolution
		Debug|Any CPU = Debug|Any CPU
		Release|Any CPU = Release|Any CPU
	EndGlobalSection
	GlobalSection(ProjectConfigurationPlatforms) = postSolution
		{5358B7FB-39CD-4412-BFB4-063B7D05CE62}.Debug|Any CPU.ActiveCfg = Debug|Any CPU
		{5358B7FB-39CD-4412-BFB4-063B7D05CE62}.Debug|Any CPU.Build.0 = Debug|Any CPU
		{5358B7FB-39CD-4412-BFB4-063B7D05CE62}.Release|Any CPU.ActiveCfg = Release|Any CPU
		{5358B7FB-39CD-4412-BFB4-063B7D05CE62}.Release|Any CPU.Build.0 = Release|Any CPU
		{E0A11EBC-11CF-465A-AEC4-7B25EE6CDC7B}.Debug|Any CPU.ActiveCfg = Debug|Any CPU
		{E0A11EBC-11CF-465A-AEC4-7B25EE6CDC7B}.Debug|Any CPU.Build.0 = Debug|Any CPU
		{E0A11EBC-11CF-465A-AEC4-7B25EE6CDC7B}.Release|Any CPU.ActiveCfg = Release|Any CPU
		{E0A11EBC-11CF-465A-AEC4-7B25EE6CDC7B}.Release|Any CPU.Build.0 = Release|Any CPU
		{00C45AA9-BC7A-4C24-8D9C-43BDFF5C79DD}.Debug|Any CPU.ActiveCfg = Debug|Any CPU
		{00C45AA9-BC7A-4C24-8D9C-43BDFF5C79DD}.Debug|Any CPU.Build.0 = Debug|Any CPU
		{00C45AA9-BC7A-4C24-8D9C-43BDFF5C79DD}.Release|Any CPU.ActiveCfg = Release|Any CPU
		{00C45AA9-BC7A-4C24-8D9C-43BDFF5C79DD}.Release|Any CPU.Build.0 = Release|Any CPU
		{C0E75C1A-B8C4-4579-B150-04F0D779170A}.Debug|Any CPU.ActiveCfg = Debug|Any CPU
		{C0E75C1A-B8C4-4579-B150-04F0D779170A}.Debug|Any CPU.Build.0 = Debug|Any CPU
		{C0E75C1A-B8C4-4579-B150-04F0D779170A}.Release|Any CPU.ActiveCfg = Release|Any CPU
		{C0E75C1A-B8C4-4579-B150-04F0D779170A}.Release|Any CPU.Build.0 = Release|Any CPU
		{DBB66129-3FF5-4BF2-8B89-D10F8E90A0EC}.Debug|Any CPU.ActiveCfg = Debug|Any CPU
		{DBB66129-3FF5-4BF2-8B89-D10F8E90A0EC}.Debug|Any CPU.Build.0 = Debug|Any CPU
		{DBB66129-3FF5-4BF2-8B89-D10F8E90A0EC}.Release|Any CPU.ActiveCfg = Release|Any CPU
		{DBB66129-3FF5-4BF2-8B89-D10F8E90A0EC}.Release|Any CPU.Build.0 = Release|Any CPU
	EndGlobalSection
	GlobalSection(SolutionProperties) = preSolution
		HideSolutionNode = FALSE
	EndGlobalSection
	GlobalSection(NestedProjects) = preSolution
		{D4A9953B-3D53-4B8A-8E86-5F6EDF5F5013} = {3DFEA7BA-EBEB-482C-A90E-AFD00D113A1A}
		{2E67E311-0811-4138-8086-2E3DEBBA5D0C} = {D4A9953B-3D53-4B8A-8E86-5F6EDF5F5013}
		{AA646C7B-646E-447A-BE21-8427ABFD7709} = {3DFEA7BA-EBEB-482C-A90E-AFD00D113A1A}
		{5358B7FB-39CD-4412-BFB4-063B7D05CE62} = {262B9075-9445-45B3-908B-C22FF3D86903}
		{E0A11EBC-11CF-465A-AEC4-7B25EE6CDC7B} = {3DFEA7BA-EBEB-482C-A90E-AFD00D113A1A}
		{00C45AA9-BC7A-4C24-8D9C-43BDFF5C79DD} = {3DFEA7BA-EBEB-482C-A90E-AFD00D113A1A}
		{19C32B56-68A3-4735-984C-7B0B80D31198} = {AA646C7B-646E-447A-BE21-8427ABFD7709}
		{C0E75C1A-B8C4-4579-B150-04F0D779170A} = {19C32B56-68A3-4735-984C-7B0B80D31198}
		{DBB66129-3FF5-4BF2-8B89-D10F8E90A0EC} = {1EF24921-F04A-426D-A299-BC43037A6C42}
	EndGlobalSection
	GlobalSection(ExtensibilityGlobals) = postSolution
		SolutionGuid = {37A3AED9-EDA9-44A0-91A7-38EC6DDDC78C}
	EndGlobalSection
EndGlobal
